// !$*UTF8*$!
{
	archiveVersion = 1;
	classes = {
	};
	objectVersion = 56;
	objects = {

/* Begin PBXBuildFile section */
		E94488972C45094E00AB1A2D /* edithApp.swift in Sources */ = {isa = PBXBuildFile; fileRef = E94488962C45094E00AB1A2D /* edithApp.swift */; };
		E94488992C45094E00AB1A2D /* ContentView.swift in Sources */ = {isa = PBXBuildFile; fileRef = E94488982C45094E00AB1A2D /* ContentView.swift */; };
		E944889B2C45094E00AB1A2D /* Item.swift in Sources */ = {isa = PBXBuildFile; fileRef = E944889A2C45094E00AB1A2D /* Item.swift */; };
		E944889D2C45095200AB1A2D /* Assets.xcassets in Resources */ = {isa = PBXBuildFile; fileRef = E944889C2C45095200AB1A2D /* Assets.xcassets */; };
		E94488A12C45095200AB1A2D /* Preview Assets.xcassets in Resources */ = {isa = PBXBuildFile; fileRef = E94488A02C45095200AB1A2D /* Preview Assets.xcassets */; };
		E94488AB2C45095200AB1A2D /* edithTests.swift in Sources */ = {isa = PBXBuildFile; fileRef = E94488AA2C45095200AB1A2D /* edithTests.swift */; };
		E94488B52C45095200AB1A2D /* edithUITests.swift in Sources */ = {isa = PBXBuildFile; fileRef = E94488B42C45095200AB1A2D /* edithUITests.swift */; };
		E94488B72C45095200AB1A2D /* edithUITestsLaunchTests.swift in Sources */ = {isa = PBXBuildFile; fileRef = E94488B62C45095200AB1A2D /* edithUITestsLaunchTests.swift */; };
/* End PBXBuildFile section */

/* Begin PBXContainerItemProxy section */
		E94488A72C45095200AB1A2D /* PBXContainerItemProxy */ = {
			isa = PBXContainerItemProxy;
			containerPortal = E944888B2C45094E00AB1A2D /* Project object */;
			proxyType = 1;
			remoteGlobalIDString = E94488922C45094E00AB1A2D;
			remoteInfo = edith;
		};
		E94488B12C45095200AB1A2D /* PBXContainerItemProxy */ = {
			isa = PBXContainerItemProxy;
			containerPortal = E944888B2C45094E00AB1A2D /* Project object */;
			proxyType = 1;
			remoteGlobalIDString = E94488922C45094E00AB1A2D;
			remoteInfo = edith;
		};
/* End PBXContainerItemProxy section */

/* Begin PBXFileReference section */
		E94488932C45094E00AB1A2D /* edith.app */ = {isa = PBXFileReference; explicitFileType = wrapper.application; includeInIndex = 0; path = edith.app; sourceTree = BUILT_PRODUCTS_DIR; };
		E94488962C45094E00AB1A2D /* edithApp.swift */ = {isa = PBXFileReference; lastKnownFileType = sourcecode.swift; path = edithApp.swift; sourceTree = "<group>"; };
		E94488982C45094E00AB1A2D /* ContentView.swift */ = {isa = PBXFileReference; lastKnownFileType = sourcecode.swift; path = ContentView.swift; sourceTree = "<group>"; };
		E944889A2C45094E00AB1A2D /* Item.swift */ = {isa = PBXFileReference; lastKnownFileType = sourcecode.swift; path = Item.swift; sourceTree = "<group>"; };
		E944889C2C45095200AB1A2D /* Assets.xcassets */ = {isa = PBXFileReference; lastKnownFileType = folder.assetcatalog; path = Assets.xcassets; sourceTree = "<group>"; };
		E944889E2C45095200AB1A2D /* edith.entitlements */ = {isa = PBXFileReference; lastKnownFileType = text.plist.entitlements; path = edith.entitlements; sourceTree = "<group>"; };
		E94488A02C45095200AB1A2D /* Preview Assets.xcassets */ = {isa = PBXFileReference; lastKnownFileType = folder.assetcatalog; path = "Preview Assets.xcassets"; sourceTree = "<group>"; };
		E94488A62C45095200AB1A2D /* edithTests.xctest */ = {isa = PBXFileReference; explicitFileType = wrapper.cfbundle; includeInIndex = 0; path = edithTests.xctest; sourceTree = BUILT_PRODUCTS_DIR; };
		E94488AA2C45095200AB1A2D /* edithTests.swift */ = {isa = PBXFileReference; lastKnownFileType = sourcecode.swift; path = edithTests.swift; sourceTree = "<group>"; };
		E94488B02C45095200AB1A2D /* edithUITests.xctest */ = {isa = PBXFileReference; explicitFileType = wrapper.cfbundle; includeInIndex = 0; path = edithUITests.xctest; sourceTree = BUILT_PRODUCTS_DIR; };
		E94488B42C45095200AB1A2D /* edithUITests.swift */ = {isa = PBXFileReference; lastKnownFileType = sourcecode.swift; path = edithUITests.swift; sourceTree = "<group>"; };
		E94488B62C45095200AB1A2D /* edithUITestsLaunchTests.swift */ = {isa = PBXFileReference; lastKnownFileType = sourcecode.swift; path = edithUITestsLaunchTests.swift; sourceTree = "<group>"; };
/* End PBXFileReference section */

/* Begin PBXFrameworksBuildPhase section */
		E94488902C45094E00AB1A2D /* Frameworks */ = {
			isa = PBXFrameworksBuildPhase;
			buildActionMask = 2147483647;
			files = (
			);
			runOnlyForDeploymentPostprocessing = 0;
		};
		E94488A32C45095200AB1A2D /* Frameworks */ = {
			isa = PBXFrameworksBuildPhase;
			buildActionMask = 2147483647;
			files = (
			);
			runOnlyForDeploymentPostprocessing = 0;
		};
		E94488AD2C45095200AB1A2D /* Frameworks */ = {
			isa = PBXFrameworksBuildPhase;
			buildActionMask = 2147483647;
			files = (
			);
			runOnlyForDeploymentPostprocessing = 0;
		};
/* End PBXFrameworksBuildPhase section */

/* Begin PBXGroup section */
		E944888A2C45094E00AB1A2D = {
			isa = PBXGroup;
			children = (
				E94488952C45094E00AB1A2D /* edith */,
				E94488A92C45095200AB1A2D /* edithTests */,
				E94488B32C45095200AB1A2D /* edithUITests */,
				E94488942C45094E00AB1A2D /* Products */,
			);
			sourceTree = "<group>";
		};
		E94488942C45094E00AB1A2D /* Products */ = {
			isa = PBXGroup;
			children = (
				E94488932C45094E00AB1A2D /* edith.app */,
				E94488A62C45095200AB1A2D /* edithTests.xctest */,
				E94488B02C45095200AB1A2D /* edithUITests.xctest */,
			);
			name = Products;
			sourceTree = "<group>";
		};
		E94488952C45094E00AB1A2D /* edith */ = {
			isa = PBXGroup;
			children = (
				E94488962C45094E00AB1A2D /* edithApp.swift */,
				E94488982C45094E00AB1A2D /* ContentView.swift */,
				E944889A2C45094E00AB1A2D /* Item.swift */,
				E944889C2C45095200AB1A2D /* Assets.xcassets */,
				E944889E2C45095200AB1A2D /* edith.entitlements */,
				E944889F2C45095200AB1A2D /* Preview Content */,
			);
			path = edith;
			sourceTree = "<group>";
		};
		E944889F2C45095200AB1A2D /* Preview Content */ = {
			isa = PBXGroup;
			children = (
				E94488A02C45095200AB1A2D /* Preview Assets.xcassets */,
			);
			path = "Preview Content";
			sourceTree = "<group>";
		};
		E94488A92C45095200AB1A2D /* edithTests */ = {
			isa = PBXGroup;
			children = (
				E94488AA2C45095200AB1A2D /* edithTests.swift */,
			);
			path = edithTests;
			sourceTree = "<group>";
		};
		E94488B32C45095200AB1A2D /* edithUITests */ = {
			isa = PBXGroup;
			children = (
				E94488B42C45095200AB1A2D /* edithUITests.swift */,
				E94488B62C45095200AB1A2D /* edithUITestsLaunchTests.swift */,
			);
			path = edithUITests;
			sourceTree = "<group>";
		};
/* End PBXGroup section */

/* Begin PBXNativeTarget section */
		E94488922C45094E00AB1A2D /* edith */ = {
			isa = PBXNativeTarget;
			buildConfigurationList = E94488BA2C45095200AB1A2D /* Build configuration list for PBXNativeTarget "edith" */;
			buildPhases = (
				E944888F2C45094E00AB1A2D /* Sources */,
				E94488902C45094E00AB1A2D /* Frameworks */,
				E94488912C45094E00AB1A2D /* Resources */,
			);
			buildRules = (
			);
			dependencies = (
			);
			name = edith;
			productName = edith;
			productReference = E94488932C45094E00AB1A2D /* edith.app */;
			productType = "com.apple.product-type.application";
		};
		E94488A52C45095200AB1A2D /* edithTests */ = {
			isa = PBXNativeTarget;
			buildConfigurationList = E94488BD2C45095200AB1A2D /* Build configuration list for PBXNativeTarget "edithTests" */;
			buildPhases = (
				E94488A22C45095200AB1A2D /* Sources */,
				E94488A32C45095200AB1A2D /* Frameworks */,
				E94488A42C45095200AB1A2D /* Resources */,
			);
			buildRules = (
			);
			dependencies = (
				E94488A82C45095200AB1A2D /* PBXTargetDependency */,
			);
			name = edithTests;
			productName = edithTests;
			productReference = E94488A62C45095200AB1A2D /* edithTests.xctest */;
			productType = "com.apple.product-type.bundle.unit-test";
		};
		E94488AF2C45095200AB1A2D /* edithUITests */ = {
			isa = PBXNativeTarget;
			buildConfigurationList = E94488C02C45095200AB1A2D /* Build configuration list for PBXNativeTarget "edithUITests" */;
			buildPhases = (
				E94488AC2C45095200AB1A2D /* Sources */,
				E94488AD2C45095200AB1A2D /* Frameworks */,
				E94488AE2C45095200AB1A2D /* Resources */,
			);
			buildRules = (
			);
			dependencies = (
				E94488B22C45095200AB1A2D /* PBXTargetDependency */,
			);
			name = edithUITests;
			productName = edithUITests;
			productReference = E94488B02C45095200AB1A2D /* edithUITests.xctest */;
			productType = "com.apple.product-type.bundle.ui-testing";
		};
/* End PBXNativeTarget section */

/* Begin PBXProject section */
		E944888B2C45094E00AB1A2D /* Project object */ = {
			isa = PBXProject;
			attributes = {
				BuildIndependentTargetsInParallel = 1;
				LastSwiftUpdateCheck = 1540;
				LastUpgradeCheck = 1540;
				TargetAttributes = {
					E94488922C45094E00AB1A2D = {
						CreatedOnToolsVersion = 15.4;
					};
					E94488A52C45095200AB1A2D = {
						CreatedOnToolsVersion = 15.4;
						TestTargetID = E94488922C45094E00AB1A2D;
					};
					E94488AF2C45095200AB1A2D = {
						CreatedOnToolsVersion = 15.4;
						TestTargetID = E94488922C45094E00AB1A2D;
					};
				};
			};
			buildConfigurationList = E944888E2C45094E00AB1A2D /* Build configuration list for PBXProject "edith" */;
			compatibilityVersion = "Xcode 14.0";
			developmentRegion = en;
			hasScannedForEncodings = 0;
			knownRegions = (
				en,
				Base,
			);
			mainGroup = E944888A2C45094E00AB1A2D;
			productRefGroup = E94488942C45094E00AB1A2D /* Products */;
			projectDirPath = "";
			projectRoot = "";
			targets = (
				E94488922C45094E00AB1A2D /* edith */,
				E94488A52C45095200AB1A2D /* edithTests */,
				E94488AF2C45095200AB1A2D /* edithUITests */,
			);
		};
/* End PBXProject section */

/* Begin PBXResourcesBuildPhase section */
		E94488912C45094E00AB1A2D /* Resources */ = {
			isa = PBXResourcesBuildPhase;
			buildActionMask = 2147483647;
			files = (
				E94488A12C45095200AB1A2D /* Preview Assets.xcassets in Resources */,
				E944889D2C45095200AB1A2D /* Assets.xcassets in Resources */,
			);
			runOnlyForDeploymentPostprocessing = 0;
		};
		E94488A42C45095200AB1A2D /* Resources */ = {
			isa = PBXResourcesBuildPhase;
			buildActionMask = 2147483647;
			files = (
			);
			runOnlyForDeploymentPostprocessing = 0;
		};
		E94488AE2C45095200AB1A2D /* Resources */ = {
			isa = PBXResourcesBuildPhase;
			buildActionMask = 2147483647;
			files = (
			);
			runOnlyForDeploymentPostprocessing = 0;
		};
/* End PBXResourcesBuildPhase section */

/* Begin PBXSourcesBuildPhase section */
		E944888F2C45094E00AB1A2D /* Sources */ = {
			isa = PBXSourcesBuildPhase;
			buildActionMask = 2147483647;
			files = (
				E94488992C45094E00AB1A2D /* ContentView.swift in Sources */,
				E944889B2C45094E00AB1A2D /* Item.swift in Sources */,
				E94488972C45094E00AB1A2D /* edithApp.swift in Sources */,
			);
			runOnlyForDeploymentPostprocessing = 0;
		};
		E94488A22C45095200AB1A2D /* Sources */ = {
			isa = PBXSourcesBuildPhase;
			buildActionMask = 2147483647;
			files = (
				E94488AB2C45095200AB1A2D /* edithTests.swift in Sources */,
			);
			runOnlyForDeploymentPostprocessing = 0;
		};
		E94488AC2C45095200AB1A2D /* Sources */ = {
			isa = PBXSourcesBuildPhase;
			buildActionMask = 2147483647;
			files = (
				E94488B52C45095200AB1A2D /* edithUITests.swift in Sources */,
				E94488B72C45095200AB1A2D /* edithUITestsLaunchTests.swift in Sources */,
			);
			runOnlyForDeploymentPostprocessing = 0;
		};
/* End PBXSourcesBuildPhase section */

/* Begin PBXTargetDependency section */
		E94488A82C45095200AB1A2D /* PBXTargetDependency */ = {
			isa = PBXTargetDependency;
			target = E94488922C45094E00AB1A2D /* edith */;
			targetProxy = E94488A72C45095200AB1A2D /* PBXContainerItemProxy */;
		};
		E94488B22C45095200AB1A2D /* PBXTargetDependency */ = {
			isa = PBXTargetDependency;
			target = E94488922C45094E00AB1A2D /* edith */;
			targetProxy = E94488B12C45095200AB1A2D /* PBXContainerItemProxy */;
		};
/* End PBXTargetDependency section */

/* Begin XCBuildConfiguration section */
		E94488B82C45095200AB1A2D /* Debug */ = {
			isa = XCBuildConfiguration;
			buildSettings = {
				ALWAYS_SEARCH_USER_PATHS = NO;
				ASSETCATALOG_COMPILER_GENERATE_SWIFT_ASSET_SYMBOL_EXTENSIONS = YES;
				CLANG_ANALYZER_NONNULL = YES;
				CLANG_ANALYZER_NUMBER_OBJECT_CONVERSION = YES_AGGRESSIVE;
				CLANG_CXX_LANGUAGE_STANDARD = "gnu++20";
				CLANG_ENABLE_MODULES = YES;
				CLANG_ENABLE_OBJC_ARC = YES;
				CLANG_ENABLE_OBJC_WEAK = YES;
				CLANG_WARN_BLOCK_CAPTURE_AUTORELEASING = YES;
				CLANG_WARN_BOOL_CONVERSION = YES;
				CLANG_WARN_COMMA = YES;
				CLANG_WARN_CONSTANT_CONVERSION = YES;
				CLANG_WARN_DEPRECATED_OBJC_IMPLEMENTATIONS = YES;
				CLANG_WARN_DIRECT_OBJC_ISA_USAGE = YES_ERROR;
				CLANG_WARN_DOCUMENTATION_COMMENTS = YES;
				CLANG_WARN_EMPTY_BODY = YES;
				CLANG_WARN_ENUM_CONVERSION = YES;
				CLANG_WARN_INFINITE_RECURSION = YES;
				CLANG_WARN_INT_CONVERSION = YES;
				CLANG_WARN_NON_LITERAL_NULL_CONVERSION = YES;
				CLANG_WARN_OBJC_IMPLICIT_RETAIN_SELF = YES;
				CLANG_WARN_OBJC_LITERAL_CONVERSION = YES;
				CLANG_WARN_OBJC_ROOT_CLASS = YES_ERROR;
				CLANG_WARN_QUOTED_INCLUDE_IN_FRAMEWORK_HEADER = YES;
				CLANG_WARN_RANGE_LOOP_ANALYSIS = YES;
				CLANG_WARN_STRICT_PROTOTYPES = YES;
				CLANG_WARN_SUSPICIOUS_MOVE = YES;
				CLANG_WARN_UNGUARDED_AVAILABILITY = YES_AGGRESSIVE;
				CLANG_WARN_UNREACHABLE_CODE = YES;
				CLANG_WARN__DUPLICATE_METHOD_MATCH = YES;
				COPY_PHASE_STRIP = NO;
				DEBUG_INFORMATION_FORMAT = dwarf;
				ENABLE_STRICT_OBJC_MSGSEND = YES;
				ENABLE_TESTABILITY = YES;
				ENABLE_USER_SCRIPT_SANDBOXING = YES;
				GCC_C_LANGUAGE_STANDARD = gnu17;
				GCC_DYNAMIC_NO_PIC = NO;
				GCC_NO_COMMON_BLOCKS = YES;
				GCC_OPTIMIZATION_LEVEL = 0;
				GCC_PREPROCESSOR_DEFINITIONS = (
					"DEBUG=1",
					"$(inherited)",
				);
				GCC_WARN_64_TO_32_BIT_CONVERSION = YES;
				GCC_WARN_ABOUT_RETURN_TYPE = YES_ERROR;
				GCC_WARN_UNDECLARED_SELECTOR = YES;
				GCC_WARN_UNINITIALIZED_AUTOS = YES_AGGRESSIVE;
				GCC_WARN_UNUSED_FUNCTION = YES;
				GCC_WARN_UNUSED_VARIABLE = YES;
				LOCALIZATION_PREFERS_STRING_CATALOGS = YES;
				MTL_ENABLE_DEBUG_INFO = INCLUDE_SOURCE;
				MTL_FAST_MATH = YES;
				ONLY_ACTIVE_ARCH = YES;
				SWIFT_ACTIVE_COMPILATION_CONDITIONS = "DEBUG $(inherited)";
				SWIFT_OPTIMIZATION_LEVEL = "-Onone";
			};
			name = Debug;
		};
		E94488B92C45095200AB1A2D /* Release */ = {
			isa = XCBuildConfiguration;
			buildSettings = {
				ALWAYS_SEARCH_USER_PATHS = NO;
				ASSETCATALOG_COMPILER_GENERATE_SWIFT_ASSET_SYMBOL_EXTENSIONS = YES;
				CLANG_ANALYZER_NONNULL = YES;
				CLANG_ANALYZER_NUMBER_OBJECT_CONVERSION = YES_AGGRESSIVE;
				CLANG_CXX_LANGUAGE_STANDARD = "gnu++20";
				CLANG_ENABLE_MODULES = YES;
				CLANG_ENABLE_OBJC_ARC = YES;
				CLANG_ENABLE_OBJC_WEAK = YES;
				CLANG_WARN_BLOCK_CAPTURE_AUTORELEASING = YES;
				CLANG_WARN_BOOL_CONVERSION = YES;
				CLANG_WARN_COMMA = YES;
				CLANG_WARN_CONSTANT_CONVERSION = YES;
				CLANG_WARN_DEPRECATED_OBJC_IMPLEMENTATIONS = YES;
				CLANG_WARN_DIRECT_OBJC_ISA_USAGE = YES_ERROR;
				CLANG_WARN_DOCUMENTATION_COMMENTS = YES;
				CLANG_WARN_EMPTY_BODY = YES;
				CLANG_WARN_ENUM_CONVERSION = YES;
				CLANG_WARN_INFINITE_RECURSION = YES;
				CLANG_WARN_INT_CONVERSION = YES;
				CLANG_WARN_NON_LITERAL_NULL_CONVERSION = YES;
				CLANG_WARN_OBJC_IMPLICIT_RETAIN_SELF = YES;
				CLANG_WARN_OBJC_LITERAL_CONVERSION = YES;
				CLANG_WARN_OBJC_ROOT_CLASS = YES_ERROR;
				CLANG_WARN_QUOTED_INCLUDE_IN_FRAMEWORK_HEADER = YES;
				CLANG_WARN_RANGE_LOOP_ANALYSIS = YES;
				CLANG_WARN_STRICT_PROTOTYPES = YES;
				CLANG_WARN_SUSPICIOUS_MOVE = YES;
				CLANG_WARN_UNGUARDED_AVAILABILITY = YES_AGGRESSIVE;
				CLANG_WARN_UNREACHABLE_CODE = YES;
				CLANG_WARN__DUPLICATE_METHOD_MATCH = YES;
				COPY_PHASE_STRIP = NO;
				DEBUG_INFORMATION_FORMAT = "dwarf-with-dsym";
				ENABLE_NS_ASSERTIONS = NO;
				ENABLE_STRICT_OBJC_MSGSEND = YES;
				ENABLE_USER_SCRIPT_SANDBOXING = YES;
				GCC_C_LANGUAGE_STANDARD = gnu17;
				GCC_NO_COMMON_BLOCKS = YES;
				GCC_WARN_64_TO_32_BIT_CONVERSION = YES;
				GCC_WARN_ABOUT_RETURN_TYPE = YES_ERROR;
				GCC_WARN_UNDECLARED_SELECTOR = YES;
				GCC_WARN_UNINITIALIZED_AUTOS = YES_AGGRESSIVE;
				GCC_WARN_UNUSED_FUNCTION = YES;
				GCC_WARN_UNUSED_VARIABLE = YES;
				LOCALIZATION_PREFERS_STRING_CATALOGS = YES;
				MTL_ENABLE_DEBUG_INFO = NO;
				MTL_FAST_MATH = YES;
				SWIFT_COMPILATION_MODE = wholemodule;
			};
			name = Release;
		};
		E94488BB2C45095200AB1A2D /* Debug */ = {
			isa = XCBuildConfiguration;
			buildSettings = {
				ASSETCATALOG_COMPILER_APPICON_NAME = AppIcon;
				ASSETCATALOG_COMPILER_GLOBAL_ACCENT_COLOR_NAME = AccentColor;
				CODE_SIGN_ENTITLEMENTS = edith/edith.entitlements;
				CODE_SIGN_STYLE = Automatic;
				CURRENT_PROJECT_VERSION = 1;
				DEVELOPMENT_ASSET_PATHS = "\"edith/Preview Content\"";
				DEVELOPMENT_TEAM = 4G7A2W584X;
				ENABLE_HARDENED_RUNTIME = YES;
				ENABLE_PREVIEWS = YES;
				GENERATE_INFOPLIST_FILE = YES;
				"INFOPLIST_KEY_UIApplicationSceneManifest_Generation[sdk=iphoneos*]" = YES;
				"INFOPLIST_KEY_UIApplicationSceneManifest_Generation[sdk=iphonesimulator*]" = YES;
				"INFOPLIST_KEY_UIApplicationSupportsIndirectInputEvents[sdk=iphoneos*]" = YES;
				"INFOPLIST_KEY_UIApplicationSupportsIndirectInputEvents[sdk=iphonesimulator*]" = YES;
				"INFOPLIST_KEY_UILaunchScreen_Generation[sdk=iphoneos*]" = YES;
				"INFOPLIST_KEY_UILaunchScreen_Generation[sdk=iphonesimulator*]" = YES;
				"INFOPLIST_KEY_UIStatusBarStyle[sdk=iphoneos*]" = UIStatusBarStyleDefault;
				"INFOPLIST_KEY_UIStatusBarStyle[sdk=iphonesimulator*]" = UIStatusBarStyleDefault;
				INFOPLIST_KEY_UISupportedInterfaceOrientations_iPad = "UIInterfaceOrientationPortrait UIInterfaceOrientationPortraitUpsideDown UIInterfaceOrientationLandscapeLeft UIInterfaceOrientationLandscapeRight";
				INFOPLIST_KEY_UISupportedInterfaceOrientations_iPhone = "UIInterfaceOrientationPortrait UIInterfaceOrientationLandscapeLeft UIInterfaceOrientationLandscapeRight";
				IPHONEOS_DEPLOYMENT_TARGET = 17.5;
				LD_RUNPATH_SEARCH_PATHS = "@executable_path/Frameworks";
				"LD_RUNPATH_SEARCH_PATHS[sdk=macosx*]" = "@executable_path/../Frameworks";
				MACOSX_DEPLOYMENT_TARGET = 14.0;
				MARKETING_VERSION = 1.0;
				PRODUCT_BUNDLE_IDENTIFIER = bethan.edith;
				PRODUCT_NAME = "$(TARGET_NAME)";
				SDKROOT = auto;
				SUPPORTED_PLATFORMS = "iphoneos iphonesimulator macosx";
				SWIFT_EMIT_LOC_STRINGS = YES;
				SWIFT_VERSION = 5.0;
				TARGETED_DEVICE_FAMILY = "1,2";
			};
			name = Debug;
		};
		E94488BC2C45095200AB1A2D /* Release */ = {
			isa = XCBuildConfiguration;
			buildSettings = {
				ASSETCATALOG_COMPILER_APPICON_NAME = AppIcon;
				ASSETCATALOG_COMPILER_GLOBAL_ACCENT_COLOR_NAME = AccentColor;
				CODE_SIGN_ENTITLEMENTS = edith/edith.entitlements;
				CODE_SIGN_STYLE = Automatic;
				CURRENT_PROJECT_VERSION = 1;
				DEVELOPMENT_ASSET_PATHS = "\"edith/Preview Content\"";
				DEVELOPMENT_TEAM = 4G7A2W584X;
				ENABLE_HARDENED_RUNTIME = YES;
				ENABLE_PREVIEWS = YES;
				GENERATE_INFOPLIST_FILE = YES;
				"INFOPLIST_KEY_UIApplicationSceneManifest_Generation[sdk=iphoneos*]" = YES;
				"INFOPLIST_KEY_UIApplicationSceneManifest_Generation[sdk=iphonesimulator*]" = YES;
				"INFOPLIST_KEY_UIApplicationSupportsIndirectInputEvents[sdk=iphoneos*]" = YES;
				"INFOPLIST_KEY_UIApplicationSupportsIndirectInputEvents[sdk=iphonesimulator*]" = YES;
				"INFOPLIST_KEY_UILaunchScreen_Generation[sdk=iphoneos*]" = YES;
				"INFOPLIST_KEY_UILaunchScreen_Generation[sdk=iphonesimulator*]" = YES;
				"INFOPLIST_KEY_UIStatusBarStyle[sdk=iphoneos*]" = UIStatusBarStyleDefault;
				"INFOPLIST_KEY_UIStatusBarStyle[sdk=iphonesimulator*]" = UIStatusBarStyleDefault;
				INFOPLIST_KEY_UISupportedInterfaceOrientations_iPad = "UIInterfaceOrientationPortrait UIInterfaceOrientationPortraitUpsideDown UIInterfaceOrientationLandscapeLeft UIInterfaceOrientationLandscapeRight";
				INFOPLIST_KEY_UISupportedInterfaceOrientations_iPhone = "UIInterfaceOrientationPortrait UIInterfaceOrientationLandscapeLeft UIInterfaceOrientationLandscapeRight";
				IPHONEOS_DEPLOYMENT_TARGET = 17.5;
				LD_RUNPATH_SEARCH_PATHS = "@executable_path/Frameworks";
				"LD_RUNPATH_SEARCH_PATHS[sdk=macosx*]" = "@executable_path/../Frameworks";
				MACOSX_DEPLOYMENT_TARGET = 14.0;
				MARKETING_VERSION = 1.0;
				PRODUCT_BUNDLE_IDENTIFIER = bethan.edith;
				PRODUCT_NAME = "$(TARGET_NAME)";
				SDKROOT = auto;
				SUPPORTED_PLATFORMS = "iphoneos iphonesimulator macosx";
				SWIFT_EMIT_LOC_STRINGS = YES;
				SWIFT_VERSION = 5.0;
				TARGETED_DEVICE_FAMILY = "1,2";
			};
			name = Release;
		};
		E94488BE2C45095200AB1A2D /* Debug */ = {
			isa = XCBuildConfiguration;
			buildSettings = {
				ALWAYS_EMBED_SWIFT_STANDARD_LIBRARIES = YES;
				BUNDLE_LOADER = "$(TEST_HOST)";
				CODE_SIGN_STYLE = Automatic;
				CURRENT_PROJECT_VERSION = 1;
				DEVELOPMENT_TEAM = 4G7A2W584X;
				GENERATE_INFOPLIST_FILE = YES;
				IPHONEOS_DEPLOYMENT_TARGET = 17.5;
				MACOSX_DEPLOYMENT_TARGET = 14.5;
				MARKETING_VERSION = 1.0;
				PRODUCT_BUNDLE_IDENTIFIER = bethan.edithTests;
				PRODUCT_NAME = "$(TARGET_NAME)";
				SDKROOT = auto;
				SUPPORTED_PLATFORMS = "iphoneos iphonesimulator macosx";
				SWIFT_EMIT_LOC_STRINGS = NO;
				SWIFT_VERSION = 5.0;
				TARGETED_DEVICE_FAMILY = "1,2";
				TEST_HOST = "$(BUILT_PRODUCTS_DIR)/edith.app/$(BUNDLE_EXECUTABLE_FOLDER_PATH)/edith";
			};
			name = Debug;
		};
		E94488BF2C45095200AB1A2D /* Release */ = {
			isa = XCBuildConfiguration;
			buildSettings = {
				ALWAYS_EMBED_SWIFT_STANDARD_LIBRARIES = YES;
				BUNDLE_LOADER = "$(TEST_HOST)";
				CODE_SIGN_STYLE = Automatic;
				CURRENT_PROJECT_VERSION = 1;
				DEVELOPMENT_TEAM = 4G7A2W584X;
				GENERATE_INFOPLIST_FILE = YES;
				IPHONEOS_DEPLOYMENT_TARGET = 17.5;
				MACOSX_DEPLOYMENT_TARGET = 14.5;
				MARKETING_VERSION = 1.0;
				PRODUCT_BUNDLE_IDENTIFIER = bethan.edithTests;
				PRODUCT_NAME = "$(TARGET_NAME)";
				SDKROOT = auto;
				SUPPORTED_PLATFORMS = "iphoneos iphonesimulator macosx";
				SWIFT_EMIT_LOC_STRINGS = NO;
				SWIFT_VERSION = 5.0;
				TARGETED_DEVICE_FAMILY = "1,2";
				TEST_HOST = "$(BUILT_PRODUCTS_DIR)/edith.app/$(BUNDLE_EXECUTABLE_FOLDER_PATH)/edith";
			};
			name = Release;
		};
		E94488C12C45095200AB1A2D /* Debug */ = {
			isa = XCBuildConfiguration;
			buildSettings = {
				ALWAYS_EMBED_SWIFT_STANDARD_LIBRARIES = YES;
				CODE_SIGN_STYLE = Automatic;
				CURRENT_PROJECT_VERSION = 1;
				DEVELOPMENT_TEAM = 4G7A2W584X;
				GENERATE_INFOPLIST_FILE = YES;
				IPHONEOS_DEPLOYMENT_TARGET = 17.5;
				MACOSX_DEPLOYMENT_TARGET = 14.5;
				MARKETING_VERSION = 1.0;
				PRODUCT_BUNDLE_IDENTIFIER = bethan.edithUITests;
				PRODUCT_NAME = "$(TARGET_NAME)";
				SDKROOT = auto;
				SUPPORTED_PLATFORMS = "iphoneos iphonesimulator macosx";
				SWIFT_EMIT_LOC_STRINGS = NO;
				SWIFT_VERSION = 5.0;
				TARGETED_DEVICE_FAMILY = "1,2";
				TEST_TARGET_NAME = edith;
			};
			name = Debug;
		};
		E94488C22C45095200AB1A2D /* Release */ = {
			isa = XCBuildConfiguration;
			buildSettings = {
				ALWAYS_EMBED_SWIFT_STANDARD_LIBRARIES = YES;
				CODE_SIGN_STYLE = Automatic;
				CURRENT_PROJECT_VERSION = 1;
				DEVELOPMENT_TEAM = 4G7A2W584X;
				GENERATE_INFOPLIST_FILE = YES;
				IPHONEOS_DEPLOYMENT_TARGET = 17.5;
				MACOSX_DEPLOYMENT_TARGET = 14.5;
				MARKETING_VERSION = 1.0;
				PRODUCT_BUNDLE_IDENTIFIER = bethan.edithUITests;
				PRODUCT_NAME = "$(TARGET_NAME)";
				SDKROOT = auto;
				SUPPORTED_PLATFORMS = "iphoneos iphonesimulator macosx";
				SWIFT_EMIT_LOC_STRINGS = NO;
				SWIFT_VERSION = 5.0;
				TARGETED_DEVICE_FAMILY = "1,2";
				TEST_TARGET_NAME = edith;
			};
			name = Release;
		};
/* End XCBuildConfiguration section */

/* Begin XCConfigurationList section */
		E944888E2C45094E00AB1A2D /* Build configuration list for PBXProject "edith" */ = {
			isa = XCConfigurationList;
			buildConfigurations = (
				E94488B82C45095200AB1A2D /* Debug */,
				E94488B92C45095200AB1A2D /* Release */,
			);
			defaultConfigurationIsVisible = 0;
			defaultConfigurationName = Release;
		};
		E94488BA2C45095200AB1A2D /* Build configuration list for PBXNativeTarget "edith" */ = {
			isa = XCConfigurationList;
			buildConfigurations = (
				E94488BB2C45095200AB1A2D /* Debug */,
				E94488BC2C45095200AB1A2D /* Release */,
			);
			defaultConfigurationIsVisible = 0;
			defaultConfigurationName = Release;
		};
		E94488BD2C45095200AB1A2D /* Build configuration list for PBXNativeTarget "edithTests" */ = {
			isa = XCConfigurationList;
			buildConfigurations = (
				E94488BE2C45095200AB1A2D /* Debug */,
				E94488BF2C45095200AB1A2D /* Release */,
			);
			defaultConfigurationIsVisible = 0;
			defaultConfigurationName = Release;
		};
		E94488C02C45095200AB1A2D /* Build configuration list for PBXNativeTarget "edithUITests" */ = {
			isa = XCConfigurationList;
			buildConfigurations = (
				E94488C12C45095200AB1A2D /* Debug */,
				E94488C22C45095200AB1A2D /* Release */,
			);
			defaultConfigurationIsVisible = 0;
			defaultConfigurationName = Release;
		};
/* End XCConfigurationList section */
	};
	rootObject = E944888B2C45094E00AB1A2D /* Project object */;
}
